{
  "name": "banyon-labs",
  "version": "1.0.0",
  "lockfileVersion": 1,
  "requires": true,
  "dependencies": {
    "@types/jquery": {
      "version": "file:https:/registry.npmjs.org/@types/jquery/-/jquery-3.3.31.tgz",
      "integrity": "sha512-Lz4BAJihoFw5nRzKvg4nawXPzutkv7wmfQ5121avptaSIXlDNJCUuxZxX/G+9EVidZGuO0UBlk+YjKbwRKJigg=="
    },
    "@types/underscore": {
      "version": "file:../../Server_Simulator/node_modules/@types/underscore",
      "dev": true
    },
    "bootstrap": {
      "version": "file:../../Server_Simulator/node_modules/bootstrap-4.3.1"
    },
    "jquery": {
      "version": "file:../../Server_Simulator/node_modules/jquery-3.4.1"
    },
    "underscore": {
      "version": "file:https:/registry.npmjs.org/underscore/-/underscore-1.9.2.tgz",
      "integrity": "sha512-D39qtimx0c1fI3ya1Lnhk3E9nONswSKhnffBI0gME9C99fYOkNi04xs8K6pePLhvl1frbDemkaBQ5ikWllR2HQ=="
    }
  }
}
